// !$*UTF8*$!
{
	archiveVersion = 1;
	classes = {
	};
	objectVersion = 56;
	objects = {

/* Begin PBXBuildFile section */
		97CF4DDA2A6395D32CEABB18 /* Pods_ApiApp.framework in Frameworks */ = {isa = PBXBuildFile; fileRef = DBD21FCAD30CE8510EE45EE7 /* Pods_ApiApp.framework */; };
		EA06E7A22CC64C6C00E322BB /* AppDelegate.swift in Sources */ = {isa = PBXBuildFile; fileRef = EA06E7A12CC64C6C00E322BB /* AppDelegate.swift */; };
		EA06E7A42CC64C6C00E322BB /* SceneDelegate.swift in Sources */ = {isa = PBXBuildFile; fileRef = EA06E7A32CC64C6C00E322BB /* SceneDelegate.swift */; };
		EA06E7A62CC64C6C00E322BB /* ViewController.swift in Sources */ = {isa = PBXBuildFile; fileRef = EA06E7A52CC64C6C00E322BB /* ViewController.swift */; };
		EA06E7A92CC64C6C00E322BB /* Base in Resources */ = {isa = PBXBuildFile; fileRef = EA06E7A82CC64C6C00E322BB /* Base */; };
		EA06E7AB2CC64C6D00E322BB /* Assets.xcassets in Resources */ = {isa = PBXBuildFile; fileRef = EA06E7AA2CC64C6D00E322BB /* Assets.xcassets */; };
		EA06E7AE2CC64C6D00E322BB /* Base in Resources */ = {isa = PBXBuildFile; fileRef = EA06E7AD2CC64C6D00E322BB /* Base */; };
/* End PBXBuildFile section */

/* Begin PBXFileReference section */
		9210CF2A2C8C9013D8CBD981 /* Pods-ApiApp.release.xcconfig */ = {isa = PBXFileReference; includeInIndex = 1; lastKnownFileType = text.xcconfig; name = "Pods-ApiApp.release.xcconfig"; path = "Target Support Files/Pods-ApiApp/Pods-ApiApp.release.xcconfig"; sourceTree = "<group>"; };
		DBD21FCAD30CE8510EE45EE7 /* Pods_ApiApp.framework */ = {isa = PBXFileReference; explicitFileType = wrapper.framework; includeInIndex = 0; path = Pods_ApiApp.framework; sourceTree = BUILT_PRODUCTS_DIR; };
		E6CCFF98EEA9FDC4D6902074 /* Pods-ApiApp.debug.xcconfig */ = {isa = PBXFileReference; includeInIndex = 1; lastKnownFileType = text.xcconfig; name = "Pods-ApiApp.debug.xcconfig"; path = "Target Support Files/Pods-ApiApp/Pods-ApiApp.debug.xcconfig"; sourceTree = "<group>"; };
		EA06E79E2CC64C6C00E322BB /* ApiApp.app */ = {isa = PBXFileReference; explicitFileType = wrapper.application; includeInIndex = 0; path = ApiApp.app; sourceTree = BUILT_PRODUCTS_DIR; };
		EA06E7A12CC64C6C00E322BB /* AppDelegate.swift */ = {isa = PBXFileReference; lastKnownFileType = sourcecode.swift; path = AppDelegate.swift; sourceTree = "<group>"; };
		EA06E7A32CC64C6C00E322BB /* SceneDelegate.swift */ = {isa = PBXFileReference; lastKnownFileType = sourcecode.swift; path = SceneDelegate.swift; sourceTree = "<group>"; };
		EA06E7A52CC64C6C00E322BB /* ViewController.swift */ = {isa = PBXFileReference; lastKnownFileType = sourcecode.swift; path = ViewController.swift; sourceTree = "<group>"; };
		EA06E7A82CC64C6C00E322BB /* Base */ = {isa = PBXFileReference; lastKnownFileType = file.storyboard; name = Base; path = Base.lproj/Main.storyboard; sourceTree = "<group>"; };
		EA06E7AA2CC64C6D00E322BB /* Assets.xcassets */ = {isa = PBXFileReference; lastKnownFileType = folder.assetcatalog; path = Assets.xcassets; sourceTree = "<group>"; };
		EA06E7AD2CC64C6D00E322BB /* Base */ = {isa = PBXFileReference; lastKnownFileType = file.storyboard; name = Base; path = Base.lproj/LaunchScreen.storyboard; sourceTree = "<group>"; };
		EA06E7AF2CC64C6D00E322BB /* Info.plist */ = {isa = PBXFileReference; lastKnownFileType = text.plist.xml; path = Info.plist; sourceTree = "<group>"; };
/* End PBXFileReference section */

/* Begin PBXFrameworksBuildPhase section */
		EA06E79B2CC64C6C00E322BB /* Frameworks */ = {
			isa = PBXFrameworksBuildPhase;
			buildActionMask = 2147483647;
			files = (
				97CF4DDA2A6395D32CEABB18 /* Pods_ApiApp.framework in Frameworks */,
			);
			runOnlyForDeploymentPostprocessing = 0;
		};
/* End PBXFrameworksBuildPhase section */

/* Begin PBXGroup section */
		5FE53DBBE8203DAECF0430F9 /* Frameworks */ = {
			isa = PBXGroup;
			children = (
				DBD21FCAD30CE8510EE45EE7 /* Pods_ApiApp.framework */,
			);
			name = Frameworks;
			sourceTree = "<group>";
		};
		A4C4A2B11E6F5061715FB258 /* Pods */ = {
			isa = PBXGroup;
			children = (
				E6CCFF98EEA9FDC4D6902074 /* Pods-ApiApp.debug.xcconfig */,
				9210CF2A2C8C9013D8CBD981 /* Pods-ApiApp.release.xcconfig */,
			);
			path = Pods;
			sourceTree = "<group>";
		};
		EA06E7952CC64C6C00E322BB = {
			isa = PBXGroup;
			children = (
				EA06E7A02CC64C6C00E322BB /* ApiApp */,
				EA06E79F2CC64C6C00E322BB /* Products */,
				A4C4A2B11E6F5061715FB258 /* Pods */,
				5FE53DBBE8203DAECF0430F9 /* Frameworks */,
			);
			sourceTree = "<group>";
		};
		EA06E79F2CC64C6C00E322BB /* Products */ = {
			isa = PBXGroup;
			children = (
				EA06E79E2CC64C6C00E322BB /* ApiApp.app */,
			);
			name = Products;
			sourceTree = "<group>";
		};
		EA06E7A02CC64C6C00E322BB /* ApiApp */ = {
			isa = PBXGroup;
			children = (
				EA06E7A12CC64C6C00E322BB /* AppDelegate.swift */,
				EA06E7A32CC64C6C00E322BB /* SceneDelegate.swift */,
				EA06E7A52CC64C6C00E322BB /* ViewController.swift */,
				EA06E7A72CC64C6C00E322BB /* Main.storyboard */,
				EA06E7AA2CC64C6D00E322BB /* Assets.xcassets */,
				EA06E7AC2CC64C6D00E322BB /* LaunchScreen.storyboard */,
				EA06E7AF2CC64C6D00E322BB /* Info.plist */,
			);
			path = ApiApp;
			sourceTree = "<group>";
		};
/* End PBXGroup section */

/* Begin PBXNativeTarget section */
		EA06E79D2CC64C6C00E322BB /* ApiApp */ = {
			isa = PBXNativeTarget;
			buildConfigurationList = EA06E7B22CC64C6D00E322BB /* Build configuration list for PBXNativeTarget "ApiApp" */;
			buildPhases = (
				5D3BB0DC00D353A6C271532F /* [CP] Check Pods Manifest.lock */,
				EA06E79A2CC64C6C00E322BB /* Sources */,
				EA06E79B2CC64C6C00E322BB /* Frameworks */,
				EA06E79C2CC64C6C00E322BB /* Resources */,
				F4B6F712C51F7C151085DAEC /* [CP] Embed Pods Frameworks */,
			);
			buildRules = (
			);
			dependencies = (
			);
			name = ApiApp;
			productName = ApiApp;
			productReference = EA06E79E2CC64C6C00E322BB /* ApiApp.app */;
			productType = "com.apple.product-type.application";
		};
/* End PBXNativeTarget section */

/* Begin PBXProject section */
		EA06E7962CC64C6C00E322BB /* Project object */ = {
			isa = PBXProject;
			attributes = {
				BuildIndependentTargetsInParallel = 1;
				LastSwiftUpdateCheck = 1540;
				LastUpgradeCheck = 1540;
				TargetAttributes = {
					EA06E79D2CC64C6C00E322BB = {
						CreatedOnToolsVersion = 15.4;
					};
				};
			};
			buildConfigurationList = EA06E7992CC64C6C00E322BB /* Build configuration list for PBXProject "ApiApp" */;
			compatibilityVersion = "Xcode 14.0";
			developmentRegion = en;
			hasScannedForEncodings = 0;
			knownRegions = (
				en,
				Base,
			);
			mainGroup = EA06E7952CC64C6C00E322BB;
			productRefGroup = EA06E79F2CC64C6C00E322BB /* Products */;
			projectDirPath = "";
			projectRoot = "";
			targets = (
				EA06E79D2CC64C6C00E322BB /* ApiApp */,
			);
		};
/* End PBXProject section */

/* Begin PBXResourcesBuildPhase section */
		EA06E79C2CC64C6C00E322BB /* Resources */ = {
			isa = PBXResourcesBuildPhase;
			buildActionMask = 2147483647;
			files = (
				EA06E7AB2CC64C6D00E322BB /* Assets.xcassets in Resources */,
				EA06E7AE2CC64C6D00E322BB /* Base in Resources */,
				EA06E7A92CC64C6C00E322BB /* Base in Resources */,
			);
			runOnlyForDeploymentPostprocessing = 0;
		};
/* End PBXResourcesBuildPhase section */

/* Begin PBXShellScriptBuildPhase section */
		5D3BB0DC00D353A6C271532F /* [CP] Check Pods Manifest.lock */ = {
			isa = PBXShellScriptBuildPhase;
			buildActionMask = 2147483647;
			files = (
			);
			inputFileListPaths = (
			);
			inputPaths = (
				"${PODS_PODFILE_DIR_PATH}/Podfile.lock",
				"${PODS_ROOT}/Manifest.lock",
			);
			name = "[CP] Check Pods Manifest.lock";
			outputFileListPaths = (
			);
			outputPaths = (
				"$(DERIVED_FILE_DIR)/Pods-ApiApp-checkManifestLockResult.txt",
			);
			runOnlyForDeploymentPostprocessing = 0;
			shellPath = /bin/sh;
			shellScript = "diff \"${PODS_PODFILE_DIR_PATH}/Podfile.lock\" \"${PODS_ROOT}/Manifest.lock\" > /dev/null\nif [ $? != 0 ] ; then\n    # print error to STDERR\n    echo \"error: The sandbox is not in sync with the Podfile.lock. Run 'pod install' or update your CocoaPods installation.\" >&2\n    exit 1\nfi\n# This output is used by Xcode 'outputs' to avoid re-running this script phase.\necho \"SUCCESS\" > \"${SCRIPT_OUTPUT_FILE_0}\"\n";
			showEnvVarsInLog = 0;
		};
		F4B6F712C51F7C151085DAEC /* [CP] Embed Pods Frameworks */ = {
			isa = PBXShellScriptBuildPhase;
			buildActionMask = 2147483647;
			files = (
			);
			inputFileListPaths = (
				"${PODS_ROOT}/Target Support Files/Pods-ApiApp/Pods-ApiApp-frameworks-${CONFIGURATION}-input-files.xcfilelist",
			);
			name = "[CP] Embed Pods Frameworks";
			outputFileListPaths = (
				"${PODS_ROOT}/Target Support Files/Pods-ApiApp/Pods-ApiApp-frameworks-${CONFIGURATION}-output-files.xcfilelist",
			);
			runOnlyForDeploymentPostprocessing = 0;
			shellPath = /bin/sh;
			shellScript = "\"${PODS_ROOT}/Target Support Files/Pods-ApiApp/Pods-ApiApp-frameworks.sh\"\n";
			showEnvVarsInLog = 0;
		};
/* End PBXShellScriptBuildPhase section */

/* Begin PBXSourcesBuildPhase section */
		EA06E79A2CC64C6C00E322BB /* Sources */ = {
			isa = PBXSourcesBuildPhase;
			buildActionMask = 2147483647;
			files = (
				EA06E7A62CC64C6C00E322BB /* ViewController.swift in Sources */,
				EA06E7A22CC64C6C00E322BB /* AppDelegate.swift in Sources */,
				EA06E7A42CC64C6C00E322BB /* SceneDelegate.swift in Sources */,
			);
			runOnlyForDeploymentPostprocessing = 0;
		};
/* End PBXSourcesBuildPhase section */

/* Begin PBXVariantGroup section */
		EA06E7A72CC64C6C00E322BB /* Main.storyboard */ = {
			isa = PBXVariantGroup;
			children = (
				EA06E7A82CC64C6C00E322BB /* Base */,
			);
			name = Main.storyboard;
			sourceTree = "<group>";
		};
		EA06E7AC2CC64C6D00E322BB /* LaunchScreen.storyboard */ = {
			isa = PBXVariantGroup;
			children = (
				EA06E7AD2CC64C6D00E322BB /* Base */,
			);
			name = LaunchScreen.storyboard;
			sourceTree = "<group>";
		};
/* End PBXVariantGroup section */

/* Begin XCBuildConfiguration section */
		EA06E7B02CC64C6D00E322BB /* Debug */ = {
			isa = XCBuildConfiguration;
			buildSettings = {
				ALWAYS_SEARCH_USER_PATHS = NO;
				ASSETCATALOG_COMPILER_GENERATE_SWIFT_ASSET_SYMBOL_EXTENSIONS = YES;
				CLANG_ANALYZER_NONNULL = YES;
				CLANG_ANALYZER_NUMBER_OBJECT_CONVERSION = YES_AGGRESSIVE;
				CLANG_CXX_LANGUAGE_STANDARD = "gnu++20";
				CLANG_ENABLE_MODULES = YES;
				CLANG_ENABLE_OBJC_ARC = YES;
				CLANG_ENABLE_OBJC_WEAK = YES;
				CLANG_WARN_BLOCK_CAPTURE_AUTORELEASING = YES;
				CLANG_WARN_BOOL_CONVERSION = YES;
				CLANG_WARN_COMMA = YES;
				CLANG_WARN_CONSTANT_CONVERSION = YES;
				CLANG_WARN_DEPRECATED_OBJC_IMPLEMENTATIONS = YES;
				CLANG_WARN_DIRECT_OBJC_ISA_USAGE = YES_ERROR;
				CLANG_WARN_DOCUMENTATION_COMMENTS = YES;
				CLANG_WARN_EMPTY_BODY = YES;
				CLANG_WARN_ENUM_CONVERSION = YES;
				CLANG_WARN_INFINITE_RECURSION = YES;
				CLANG_WARN_INT_CONVERSION = YES;
				CLANG_WARN_NON_LITERAL_NULL_CONVERSION = YES;
				CLANG_WARN_OBJC_IMPLICIT_RETAIN_SELF = YES;
				CLANG_WARN_OBJC_LITERAL_CONVERSION = YES;
				CLANG_WARN_OBJC_ROOT_CLASS = YES_ERROR;
				CLANG_WARN_QUOTED_INCLUDE_IN_FRAMEWORK_HEADER = YES;
				CLANG_WARN_RANGE_LOOP_ANALYSIS = YES;
				CLANG_WARN_STRICT_PROTOTYPES = YES;
				CLANG_WARN_SUSPICIOUS_MOVE = YES;
				CLANG_WARN_UNGUARDED_AVAILABILITY = YES_AGGRESSIVE;
				CLANG_WARN_UNREACHABLE_CODE = YES;
				CLANG_WARN__DUPLICATE_METHOD_MATCH = YES;
				COPY_PHASE_STRIP = NO;
				DEBUG_INFORMATION_FORMAT = dwarf;
				ENABLE_STRICT_OBJC_MSGSEND = YES;
				ENABLE_TESTABILITY = YES;
				ENABLE_USER_SCRIPT_SANDBOXING = NO;
				GCC_C_LANGUAGE_STANDARD = gnu17;
				GCC_DYNAMIC_NO_PIC = NO;
				GCC_NO_COMMON_BLOCKS = YES;
				GCC_OPTIMIZATION_LEVEL = 0;
				GCC_PREPROCESSOR_DEFINITIONS = (
					"DEBUG=1",
					"$(inherited)",
				);
				GCC_WARN_64_TO_32_BIT_CONVERSION = YES;
				GCC_WARN_ABOUT_RETURN_TYPE = YES_ERROR;
				GCC_WARN_UNDECLARED_SELECTOR = YES;
				GCC_WARN_UNINITIALIZED_AUTOS = YES_AGGRESSIVE;
				GCC_WARN_UNUSED_FUNCTION = YES;
				GCC_WARN_UNUSED_VARIABLE = YES;
				IPHONEOS_DEPLOYMENT_TARGET = 17.5;
				LOCALIZATION_PREFERS_STRING_CATALOGS = YES;
				MTL_ENABLE_DEBUG_INFO = INCLUDE_SOURCE;
				MTL_FAST_MATH = YES;
				ONLY_ACTIVE_ARCH = YES;
				SDKROOT = iphoneos;
				SWIFT_ACTIVE_COMPILATION_CONDITIONS = "DEBUG $(inherited)";
				SWIFT_OPTIMIZATION_LEVEL = "-Onone";
			};
			name = Debug;
		};
		EA06E7B12CC64C6D00E322BB /* Release */ = {
			isa = XCBuildConfiguration;
			buildSettings = {
				ALWAYS_SEARCH_USER_PATHS = NO;
				ASSETCATALOG_COMPILER_GENERATE_SWIFT_ASSET_SYMBOL_EXTENSIONS = YES;
				CLANG_ANALYZER_NONNULL = YES;
				CLANG_ANALYZER_NUMBER_OBJECT_CONVERSION = YES_AGGRESSIVE;
				CLANG_CXX_LANGUAGE_STANDARD = "gnu++20";
				CLANG_ENABLE_MODULES = YES;
				CLANG_ENABLE_OBJC_ARC = YES;
				CLANG_ENABLE_OBJC_WEAK = YES;
				CLANG_WARN_BLOCK_CAPTURE_AUTORELEASING = YES;
				CLANG_WARN_BOOL_CONVERSION = YES;
				CLANG_WARN_COMMA = YES;
				CLANG_WARN_CONSTANT_CONVERSION = YES;
				CLANG_WARN_DEPRECATED_OBJC_IMPLEMENTATIONS = YES;
				CLANG_WARN_DIRECT_OBJC_ISA_USAGE = YES_ERROR;
				CLANG_WARN_DOCUMENTATION_COMMENTS = YES;
				CLANG_WARN_EMPTY_BODY = YES;
				CLANG_WARN_ENUM_CONVERSION = YES;
				CLANG_WARN_INFINITE_RECURSION = YES;
				CLANG_WARN_INT_CONVERSION = YES;
				CLANG_WARN_NON_LITERAL_NULL_CONVERSION = YES;
				CLANG_WARN_OBJC_IMPLICIT_RETAIN_SELF = YES;
				CLANG_WARN_OBJC_LITERAL_CONVERSION = YES;
				CLANG_WARN_OBJC_ROOT_CLASS = YES_ERROR;
				CLANG_WARN_QUOTED_INCLUDE_IN_FRAMEWORK_HEADER = YES;
				CLANG_WARN_RANGE_LOOP_ANALYSIS = YES;
				CLANG_WARN_STRICT_PROTOTYPES = YES;
				CLANG_WARN_SUSPICIOUS_MOVE = YES;
				CLANG_WARN_UNGUARDED_AVAILABILITY = YES_AGGRESSIVE;
				CLANG_WARN_UNREACHABLE_CODE = YES;
				CLANG_WARN__DUPLICATE_METHOD_MATCH = YES;
				COPY_PHASE_STRIP = NO;
				DEBUG_INFORMATION_FORMAT = "dwarf-with-dsym";
				ENABLE_NS_ASSERTIONS = NO;
				ENABLE_STRICT_OBJC_MSGSEND = YES;
				ENABLE_USER_SCRIPT_SANDBOXING = NO;
				GCC_C_LANGUAGE_STANDARD = gnu17;
				GCC_NO_COMMON_BLOCKS = YES;
				GCC_WARN_64_TO_32_BIT_CONVERSION = YES;
				GCC_WARN_ABOUT_RETURN_TYPE = YES_ERROR;
				GCC_WARN_UNDECLARED_SELECTOR = YES;
				GCC_WARN_UNINITIALIZED_AUTOS = YES_AGGRESSIVE;
				GCC_WARN_UNUSED_FUNCTION = YES;
				GCC_WARN_UNUSED_VARIABLE = YES;
				IPHONEOS_DEPLOYMENT_TARGET = 17.5;
				LOCALIZATION_PREFERS_STRING_CATALOGS = YES;
				MTL_ENABLE_DEBUG_INFO = NO;
				MTL_FAST_MATH = YES;
				SDKROOT = iphoneos;
				SWIFT_COMPILATION_MODE = wholemodule;
				VALIDATE_PRODUCT = YES;
			};
			name = Release;
		};
		EA06E7B32CC64C6D00E322BB /* Debug */ = {
			isa = XCBuildConfiguration;
			baseConfigurationReference = E6CCFF98EEA9FDC4D6902074 /* Pods-ApiApp.debug.xcconfig */;
			buildSettings = {
				ASSETCATALOG_COMPILER_APPICON_NAME = AppIcon;
				ASSETCATALOG_COMPILER_GLOBAL_ACCENT_COLOR_NAME = AccentColor;
				CODE_SIGN_STYLE = Automatic;
				CURRENT_PROJECT_VERSION = 1;
				GENERATE_INFOPLIST_FILE = YES;
				INFOPLIST_FILE = ApiApp/Info.plist;
				INFOPLIST_KEY_UIApplicationSupportsIndirectInputEvents = YES;
				INFOPLIST_KEY_UILaunchStoryboardName = LaunchScreen;
				INFOPLIST_KEY_UIMainStoryboardFile = Main;
				INFOPLIST_KEY_UISupportedInterfaceOrientations = UIInterfaceOrientationPortrait;
				INFOPLIST_KEY_UISupportedInterfaceOrientations_iPad = "UIInterfaceOrientationLandscapeLeft UIInterfaceOrientationLandscapeRight UIInterfaceOrientationPortrait UIInterfaceOrientationPortraitUpsideDown";
				IPHONEOS_DEPLOYMENT_TARGET = 17.2;
				LD_RUNPATH_SEARCH_PATHS = (
					"$(inherited)",
					"@executable_path/Frameworks",
				);
				MARKETING_VERSION = 1.0;
				PRODUCT_BUNDLE_IDENTIFIER = jp.techacademy.ryuto.kimura.ApiApp;
				PRODUCT_NAME = "$(TARGET_NAME)";
				SUPPORTED_PLATFORMS = "iphoneos iphonesimulator";
				SUPPORTS_MACCATALYST = NO;
				SUPPORTS_MAC_DESIGNED_FOR_IPHONE_IPAD = NO;
				SUPPORTS_XR_DESIGNED_FOR_IPHONE_IPAD = NO;
				SWIFT_EMIT_LOC_STRINGS = YES;
				SWIFT_VERSION = 5.0;
				TARGETED_DEVICE_FAMILY = 1;
			};
			name = Debug;
		};
		EA06E7B42CC64C6D00E322BB /* Release */ = {
			isa = XCBuildConfiguration;
			baseConfigurationReference = 9210CF2A2C8C9013D8CBD981 /* Pods-ApiApp.release.xcconfig */;
			buildSettings = {
				ASSETCATALOG_COMPILER_APPICON_NAME = AppIcon;
				ASSETCATALOG_COMPILER_GLOBAL_ACCENT_COLOR_NAME = AccentColor;
				CODE_SIGN_STYLE = Automatic;
				CURRENT_PROJECT_VERSION = 1;
				GENERATE_INFOPLIST_FILE = YES;
				INFOPLIST_FILE = ApiApp/Info.plist;
				INFOPLIST_KEY_UIApplicationSupportsIndirectInputEvents = YES;
				INFOPLIST_KEY_UILaunchStoryboardName = LaunchScreen;
				INFOPLIST_KEY_UIMainStoryboardFile = Main;
				INFOPLIST_KEY_UISupportedInterfaceOrientations = UIInterfaceOrientationPortrait;
				INFOPLIST_KEY_UISupportedInterfaceOrientations_iPad = "UIInterfaceOrientationLandscapeLeft UIInterfaceOrientationLandscapeRight UIInterfaceOrientationPortrait UIInterfaceOrientationPortraitUpsideDown";
				IPHONEOS_DEPLOYMENT_TARGET = 17.2;
				LD_RUNPATH_SEARCH_PATHS = (
					"$(inherited)",
					"@executable_path/Frameworks",
				);
				MARKETING_VERSION = 1.0;
				PRODUCT_BUNDLE_IDENTIFIER = jp.techacademy.ryuto.kimura.ApiApp;
				PRODUCT_NAME = "$(TARGET_NAME)";
				SUPPORTED_PLATFORMS = "iphoneos iphonesimulator";
				SUPPORTS_MACCATALYST = NO;
				SUPPORTS_MAC_DESIGNED_FOR_IPHONE_IPAD = NO;
				SUPPORTS_XR_DESIGNED_FOR_IPHONE_IPAD = NO;
				SWIFT_EMIT_LOC_STRINGS = YES;
				SWIFT_VERSION = 5.0;
				TARGETED_DEVICE_FAMILY = 1;
			};
			name = Release;
		};
/* End XCBuildConfiguration section */

/* Begin XCConfigurationList section */
		EA06E7992CC64C6C00E322BB /* Build configuration list for PBXProject "ApiApp" */ = {
			isa = XCConfigurationList;
			buildConfigurations = (
				EA06E7B02CC64C6D00E322BB /* Debug */,
				EA06E7B12CC64C6D00E322BB /* Release */,
			);
			defaultConfigurationIsVisible = 0;
			defaultConfigurationName = Release;
		};
		EA06E7B22CC64C6D00E322BB /* Build configuration list for PBXNativeTarget "ApiApp" */ = {
			isa = XCConfigurationList;
			buildConfigurations = (
				EA06E7B32CC64C6D00E322BB /* Debug */,
				EA06E7B42CC64C6D00E322BB /* Release */,
			);
			defaultConfigurationIsVisible = 0;
			defaultConfigurationName = Release;
		};
/* End XCConfigurationList section */
	};
	rootObject = EA06E7962CC64C6C00E322BB /* Project object */;
}
